
Microsoft Visual Studio Solution File, Format Version 12.00
# Visual Studio 15
VisualStudioVersion = 15.0.28010.2036
MinimumVisualStudioVersion = 10.0.40219.1
Project("{FAE04EC0-301F-11D3-BF4B-00C04F79EFBC}") = "Alchemy", "Alchemy\Alchemy.csproj", "{0F4674C5-E62A-4012-99E8-5AD107A7C6AB}"
EndProject
Project("{2150E333-8FDC-42A3-9474-1A3956D46DE8}") = "NewFolder1", "NewFolder1", "{E3477D7C-1D26-4E39-8E58-6A08CC45A6C0}"
EndProject
Global
	GlobalSection(SolutionConfigurationPlatforms) = preSolution
		Debug|Any CPU = Debug|Any CPU
		Release|Any CPU = Release|Any CPU
	EndGlobalSection
	GlobalSection(ProjectConfigurationPlatforms) = postSolution
		{0F4674C5-E62A-4012-99E8-5AD107A7C6AB}.Debug|Any CPU.ActiveCfg = Debug|Any CPU
		{0F4674C5-E62A-4012-99E8-5AD107A7C6AB}.Debug|Any CPU.Build.0 = Debug|Any CPU
		{0F4674C5-E62A-4012-99E8-5AD107A7C6AB}.Release|Any CPU.ActiveCfg = Release|Any CPU
		{0F4674C5-E62A-4012-99E8-5AD107A7C6AB}.Release|Any CPU.Build.0 = Release|Any CPU
	EndGlobalSection
	GlobalSection(SolutionProperties) = preSolution
		HideSolutionNode = FALSE
	EndGlobalSection
	GlobalSection(ExtensibilityGlobals) = postSolution
		SolutionGuid = {99E34F51-273D-47A1-A951-979DA70DD8DD}
	EndGlobalSection
EndGlobal
